
Microsoft Visual Studio Solution File, Format Version 10.00
# Visual Studio 2008
Project("{F184B08F-C81C-45F6-A57F-5ABD9991F28F}") = "VBCamera", "VBCamera.vbproj", "{BE44B474-695A-40B5-AD16-38C3D65BF99C}"
EndProject
Global
	GlobalSection(SolutionConfigurationPlatforms) = preSolution
		Debug|Any CPU = Debug|Any CPU
		Release|Any CPU = Release|Any CPU
	EndGlobalSection
	GlobalSection(ProjectConfigurationPlatforms) = postSolution
		{BE44B474-695A-40B5-AD16-38C3D65BF99C}.Debug|Any CPU.ActiveCfg = Debug|Any CPU
		{BE44B474-695A-40B5-AD16-38C3D65BF99C}.Debug|Any CPU.Build.0 = Debug|Any CPU
		{BE44B474-695A-40B5-AD16-38C3D65BF99C}.Release|Any CPU.ActiveCfg = Release|Any CPU
		{BE44B474-695A-40B5-AD16-38C3D65BF99C}.Release|Any CPU.Build.0 = Release|Any CPU
	EndGlobalSection
	GlobalSection(SolutionProperties) = preSolution
		HideSolutionNode = FALSE
	EndGlobalSection
EndGlobal
