
Microsoft Visual Studio Solution File, Format Version 10.00
# Visual Studio 2008
Project("{8BC9CEB8-8B4A-11D0-8D11-00A0C91BC942}") = "QQHookBot", "QQHookBot\QQHookBot.vcproj", "{41CB0F56-4ACA-4A30-992C-79FB266476CA}"
EndProject
Project("{8BC9CEB8-8B4A-11D0-8D11-00A0C91BC942}") = "Demo", "PluginDll\Demo\Demo.vcproj", "{36FFAB19-463E-4AB1-9A37-9B740EFBE4B2}"
EndProject
Global
	GlobalSection(SolutionConfigurationPlatforms) = preSolution
		Debug|Win32 = Debug|Win32
		Release|Win32 = Release|Win32
	EndGlobalSection
	GlobalSection(ProjectConfigurationPlatforms) = postSolution
		{41CB0F56-4ACA-4A30-992C-79FB266476CA}.Debug|Win32.ActiveCfg = Debug|Win32
		{41CB0F56-4ACA-4A30-992C-79FB266476CA}.Debug|Win32.Build.0 = Debug|Win32
		{41CB0F56-4ACA-4A30-992C-79FB266476CA}.Release|Win32.ActiveCfg = Release|Win32
		{41CB0F56-4ACA-4A30-992C-79FB266476CA}.Release|Win32.Build.0 = Release|Win32
		{36FFAB19-463E-4AB1-9A37-9B740EFBE4B2}.Debug|Win32.ActiveCfg = Debug|Win32
		{36FFAB19-463E-4AB1-9A37-9B740EFBE4B2}.Debug|Win32.Build.0 = Debug|Win32
		{36FFAB19-463E-4AB1-9A37-9B740EFBE4B2}.Release|Win32.ActiveCfg = Release|Win32
		{36FFAB19-463E-4AB1-9A37-9B740EFBE4B2}.Release|Win32.Build.0 = Release|Win32
	EndGlobalSection
	GlobalSection(SolutionProperties) = preSolution
		HideSolutionNode = FALSE
	EndGlobalSection
EndGlobal
