
Microsoft Visual Studio Solution File, Format Version 10.00
# Visual Studio 2008
Project("{8BC9CEB8-8B4A-11D0-8D11-00A0C91BC942}") = "MFCProject", "MFCProject\MFCProject.vcproj", "{C6DF9FB6-AC99-4A1D-BE4A-D8C01B0BF354}"
EndProject
Global
	GlobalSection(SolutionConfigurationPlatforms) = preSolution
		Debug|Win32 = Debug|Win32
		Release|Win32 = Release|Win32
	EndGlobalSection
	GlobalSection(ProjectConfigurationPlatforms) = postSolution
		{C6DF9FB6-AC99-4A1D-BE4A-D8C01B0BF354}.Debug|Win32.ActiveCfg = Debug|Win32
		{C6DF9FB6-AC99-4A1D-BE4A-D8C01B0BF354}.Debug|Win32.Build.0 = Debug|Win32
		{C6DF9FB6-AC99-4A1D-BE4A-D8C01B0BF354}.Release|Win32.ActiveCfg = Release|Win32
		{C6DF9FB6-AC99-4A1D-BE4A-D8C01B0BF354}.Release|Win32.Build.0 = Release|Win32
	EndGlobalSection
	GlobalSection(SolutionProperties) = preSolution
		HideSolutionNode = FALSE
	EndGlobalSection
EndGlobal
